
Microsoft Visual Studio Solution File, Format Version 12.00
# Visual Studio Version 16
VisualStudioVersion = 16.0.29926.136
MinimumVisualStudioVersion = 10.0.40219.1
Project("{9A19103F-16F7-4668-BE54-9A1E7A4F7556}") = "XkcdBrowser", "XkcdBrowser\XkcdBrowser.csproj", "{FEA5A835-5F9C-422F-AD80-0127722DF690}"
EndProject
Project("{9A19103F-16F7-4668-BE54-9A1E7A4F7556}") = "XkcdBrowser.Examples", "XkcdBrowser.Examples\XkcdBrowser.Examples.csproj", "{A936C5D0-9F34-407A-9B2D-0C13B5F2D25A}"
EndProject
Project("{FAE04EC0-301F-11D3-BF4B-00C04F79EFBC}") = "XkcdBrowser.AndroidApp", "XkcdBrowser.AndroidApp\XkcdBrowser.AndroidApp.csproj", "{12436093-FC44-4F7C-901C-4B35D0A914C5}"
EndProject
Global
	GlobalSection(SolutionConfigurationPlatforms) = preSolution
		Debug|Any CPU = Debug|Any CPU
		Release|Any CPU = Release|Any CPU
	EndGlobalSection
	GlobalSection(ProjectConfigurationPlatforms) = postSolution
		{FEA5A835-5F9C-422F-AD80-0127722DF690}.Debug|Any CPU.ActiveCfg = Debug|Any CPU
		{FEA5A835-5F9C-422F-AD80-0127722DF690}.Debug|Any CPU.Build.0 = Debug|Any CPU
		{FEA5A835-5F9C-422F-AD80-0127722DF690}.Release|Any CPU.ActiveCfg = Release|Any CPU
		{FEA5A835-5F9C-422F-AD80-0127722DF690}.Release|Any CPU.Build.0 = Release|Any CPU
		{A936C5D0-9F34-407A-9B2D-0C13B5F2D25A}.Debug|Any CPU.ActiveCfg = Debug|Any CPU
		{A936C5D0-9F34-407A-9B2D-0C13B5F2D25A}.Debug|Any CPU.Build.0 = Debug|Any CPU
		{A936C5D0-9F34-407A-9B2D-0C13B5F2D25A}.Release|Any CPU.ActiveCfg = Release|Any CPU
		{A936C5D0-9F34-407A-9B2D-0C13B5F2D25A}.Release|Any CPU.Build.0 = Release|Any CPU
		{12436093-FC44-4F7C-901C-4B35D0A914C5}.Debug|Any CPU.ActiveCfg = Debug|Any CPU
		{12436093-FC44-4F7C-901C-4B35D0A914C5}.Debug|Any CPU.Build.0 = Debug|Any CPU
		{12436093-FC44-4F7C-901C-4B35D0A914C5}.Debug|Any CPU.Deploy.0 = Debug|Any CPU
		{12436093-FC44-4F7C-901C-4B35D0A914C5}.Release|Any CPU.ActiveCfg = Release|Any CPU
		{12436093-FC44-4F7C-901C-4B35D0A914C5}.Release|Any CPU.Build.0 = Release|Any CPU
		{12436093-FC44-4F7C-901C-4B35D0A914C5}.Release|Any CPU.Deploy.0 = Release|Any CPU
	EndGlobalSection
	GlobalSection(SolutionProperties) = preSolution
		HideSolutionNode = FALSE
	EndGlobalSection
	GlobalSection(ExtensibilityGlobals) = postSolution
		SolutionGuid = {A0FC9BC8-4284-461D-9895-0E8E8B3FD2E5}
	EndGlobalSection
EndGlobal
